
Microsoft Visual Studio Solution File, Format Version 12.00
# Visual Studio 2013
VisualStudioVersion = 12.0.31101.0
MinimumVisualStudioVersion = 10.0.40219.1
Project("{FAE04EC0-301F-11D3-BF4B-00C04F79EFBC}") = "TrainingKitPackager", "TrainingKitPackager\TrainingKitPackager.csproj", "{FF1F187B-82E8-494F-A106-8971CB8BE06C}"
EndProject
Global
	GlobalSection(SolutionConfigurationPlatforms) = preSolution
		Debug|Any CPU = Debug|Any CPU
		Release|Any CPU = Release|Any CPU
	EndGlobalSection
	GlobalSection(ProjectConfigurationPlatforms) = postSolution
		{FF1F187B-82E8-494F-A106-8971CB8BE06C}.Debug|Any CPU.ActiveCfg = Debug|Any CPU
		{FF1F187B-82E8-494F-A106-8971CB8BE06C}.Debug|Any CPU.Build.0 = Debug|Any CPU
		{FF1F187B-82E8-494F-A106-8971CB8BE06C}.Release|Any CPU.ActiveCfg = Release|Any CPU
		{FF1F187B-82E8-494F-A106-8971CB8BE06C}.Release|Any CPU.Build.0 = Release|Any CPU
	EndGlobalSection
	GlobalSection(SolutionProperties) = preSolution
		HideSolutionNode = FALSE
	EndGlobalSection
EndGlobal
